
Microsoft Visual Studio Solution File, Format Version 12.00
# Visual Studio Version 16
VisualStudioVersion = 16.0.29025.244
MinimumVisualStudioVersion = 10.0.40219.1
Project("{FAE04EC0-301F-11D3-BF4B-00C04F79EFBC}") = "Archivos", "Archivos\Archivos.csproj", "{5AEF862B-3E3E-47AB-A344-876340B3D2F8}"
EndProject
Global
	GlobalSection(SolutionConfigurationPlatforms) = preSolution
		Debug|Any CPU = Debug|Any CPU
		Release|Any CPU = Release|Any CPU
	EndGlobalSection
	GlobalSection(ProjectConfigurationPlatforms) = postSolution
		{5AEF862B-3E3E-47AB-A344-876340B3D2F8}.Debug|Any CPU.ActiveCfg = Debug|Any CPU
		{5AEF862B-3E3E-47AB-A344-876340B3D2F8}.Debug|Any CPU.Build.0 = Debug|Any CPU
		{5AEF862B-3E3E-47AB-A344-876340B3D2F8}.Release|Any CPU.ActiveCfg = Release|Any CPU
		{5AEF862B-3E3E-47AB-A344-876340B3D2F8}.Release|Any CPU.Build.0 = Release|Any CPU
	EndGlobalSection
	GlobalSection(SolutionProperties) = preSolution
		HideSolutionNode = FALSE
	EndGlobalSection
	GlobalSection(ExtensibilityGlobals) = postSolution
		SolutionGuid = {B44ECCD4-0509-407D-A69F-9F9F4F947CAA}
	EndGlobalSection
EndGlobal
